
Microsoft Visual Studio Solution File, Format Version 11.00
# Visual Studio 2010
Project("{FAE04EC0-301F-11D3-BF4B-00C04F79EFBC}") = "SEISWS", "SEISWS\SEISWS.csproj", "{93363141-4E2C-469D-8180-5ECBF8E3F095}"
EndProject
Global
	GlobalSection(SolutionConfigurationPlatforms) = preSolution
		Debug|Any CPU = Debug|Any CPU
		Release|Any CPU = Release|Any CPU
	EndGlobalSection
	GlobalSection(ProjectConfigurationPlatforms) = postSolution
		{93363141-4E2C-469D-8180-5ECBF8E3F095}.Debug|Any CPU.ActiveCfg = Debug|Any CPU
		{93363141-4E2C-469D-8180-5ECBF8E3F095}.Debug|Any CPU.Build.0 = Debug|Any CPU
		{93363141-4E2C-469D-8180-5ECBF8E3F095}.Release|Any CPU.ActiveCfg = Release|Any CPU
		{93363141-4E2C-469D-8180-5ECBF8E3F095}.Release|Any CPU.Build.0 = Release|Any CPU
	EndGlobalSection
	GlobalSection(SolutionProperties) = preSolution
		HideSolutionNode = FALSE
	EndGlobalSection
EndGlobal
